// !$*UTF8*$!
{
	archiveVersion = 1;
	classes = {
	};
	objectVersion = 46;
	objects = {

/* Begin PBXBuildFile section */
		0C369AF21D4588EB00905D7F /* AppDelegate.swift in Sources */ = {isa = PBXBuildFile; fileRef = 0C369AF11D4588EB00905D7F /* AppDelegate.swift */; };
		0C369AF41D4588EB00905D7F /* ViewController.swift in Sources */ = {isa = PBXBuildFile; fileRef = 0C369AF31D4588EB00905D7F /* ViewController.swift */; };
		0C369AF71D4588EB00905D7F /* Main.storyboard in Resources */ = {isa = PBXBuildFile; fileRef = 0C369AF51D4588EB00905D7F /* Main.storyboard */; };
		0C369AF91D4588EB00905D7F /* Assets.xcassets in Resources */ = {isa = PBXBuildFile; fileRef = 0C369AF81D4588EB00905D7F /* Assets.xcassets */; };
		0C369B071D459B7000905D7F /* TVServices.framework in Frameworks */ = {isa = PBXBuildFile; fileRef = 0C369B061D459B7000905D7F /* TVServices.framework */; };
		0C369B0A1D459B7000905D7F /* ServiceProvider.swift in Sources */ = {isa = PBXBuildFile; fileRef = 0C369B091D459B7000905D7F /* ServiceProvider.swift */; };
		0C369B0E1D459B7000905D7F /* tvTimeShelf.appex in Embed App Extensions */ = {isa = PBXBuildFile; fileRef = 0C369B041D459B7000905D7F /* tvTimeShelf.appex */; settings = {ATTRIBUTES = (RemoveHeadersOnCopy, ); }; };
/* End PBXBuildFile section */

/* Begin PBXContainerItemProxy section */
		0C369B0C1D459B7000905D7F /* PBXContainerItemProxy */ = {
			isa = PBXContainerItemProxy;
			containerPortal = 0C369AE61D4588EB00905D7F /* Project object */;
			proxyType = 1;
			remoteGlobalIDString = 0C369B031D459B7000905D7F;
			remoteInfo = tvTimeShelf;
		};
/* End PBXContainerItemProxy section */

/* Begin PBXCopyFilesBuildPhase section */
		0C369B121D459B7000905D7F /* Embed App Extensions */ = {
			isa = PBXCopyFilesBuildPhase;
			buildActionMask = 2147483647;
			dstPath = "";
			dstSubfolderSpec = 13;
			files = (
				0C369B0E1D459B7000905D7F /* tvTimeShelf.appex in Embed App Extensions */,
			);
			name = "Embed App Extensions";
			runOnlyForDeploymentPostprocessing = 0;
		};
/* End PBXCopyFilesBuildPhase section */

/* Begin PBXFileReference section */
		0C369AEE1D4588EB00905D7F /* tvTime.app */ = {isa = PBXFileReference; explicitFileType = wrapper.application; includeInIndex = 0; path = tvTime.app; sourceTree = BUILT_PRODUCTS_DIR; };
		0C369AF11D4588EB00905D7F /* AppDelegate.swift */ = {isa = PBXFileReference; lastKnownFileType = sourcecode.swift; path = AppDelegate.swift; sourceTree = "<group>"; };
		0C369AF31D4588EB00905D7F /* ViewController.swift */ = {isa = PBXFileReference; lastKnownFileType = sourcecode.swift; path = ViewController.swift; sourceTree = "<group>"; };
		0C369AF61D4588EB00905D7F /* Base */ = {isa = PBXFileReference; lastKnownFileType = file.storyboard; name = Base; path = Base.lproj/Main.storyboard; sourceTree = "<group>"; };
		0C369AF81D4588EB00905D7F /* Assets.xcassets */ = {isa = PBXFileReference; lastKnownFileType = folder.assetcatalog; path = Assets.xcassets; sourceTree = "<group>"; };
		0C369AFA1D4588EB00905D7F /* Info.plist */ = {isa = PBXFileReference; lastKnownFileType = text.plist.xml; path = Info.plist; sourceTree = "<group>"; };
		0C369B041D459B7000905D7F /* tvTimeShelf.appex */ = {isa = PBXFileReference; explicitFileType = "wrapper.app-extension"; includeInIndex = 0; path = tvTimeShelf.appex; sourceTree = BUILT_PRODUCTS_DIR; };
		0C369B061D459B7000905D7F /* TVServices.framework */ = {isa = PBXFileReference; lastKnownFileType = wrapper.framework; name = TVServices.framework; path = System/Library/Frameworks/TVServices.framework; sourceTree = SDKROOT; };
		0C369B091D459B7000905D7F /* ServiceProvider.swift */ = {isa = PBXFileReference; lastKnownFileType = sourcecode.swift; path = ServiceProvider.swift; sourceTree = "<group>"; };
		0C369B0B1D459B7000905D7F /* Info.plist */ = {isa = PBXFileReference; lastKnownFileType = text.plist.xml; path = Info.plist; sourceTree = "<group>"; };
/* End PBXFileReference section */

/* Begin PBXFrameworksBuildPhase section */
		0C369AEB1D4588EB00905D7F /* Frameworks */ = {
			isa = PBXFrameworksBuildPhase;
			buildActionMask = 2147483647;
			files = (
			);
			runOnlyForDeploymentPostprocessing = 0;
		};
		0C369B011D459B7000905D7F /* Frameworks */ = {
			isa = PBXFrameworksBuildPhase;
			buildActionMask = 2147483647;
			files = (
				0C369B071D459B7000905D7F /* TVServices.framework in Frameworks */,
			);
			runOnlyForDeploymentPostprocessing = 0;
		};
/* End PBXFrameworksBuildPhase section */

/* Begin PBXGroup section */
		0C369AE51D4588EB00905D7F = {
			isa = PBXGroup;
			children = (
				0C369AF01D4588EB00905D7F /* xx */,
				0C369B081D459B7000905D7F /* tvTimeShelf */,
				0C369B051D459B7000905D7F /* Frameworks */,
				0C369AEF1D4588EB00905D7F /* Products */,
			);
			sourceTree = "<group>";
		};
		0C369AEF1D4588EB00905D7F /* Products */ = {
			isa = PBXGroup;
			children = (
				0C369AEE1D4588EB00905D7F /* tvTime.app */,
				0C369B041D459B7000905D7F /* tvTimeShelf.appex */,
			);
			name = Products;
			sourceTree = "<group>";
		};
		0C369AF01D4588EB00905D7F /* xx */ = {
			isa = PBXGroup;
			children = (
				0C369AF11D4588EB00905D7F /* AppDelegate.swift */,
				0C369AF31D4588EB00905D7F /* ViewController.swift */,
				0C369AF51D4588EB00905D7F /* Main.storyboard */,
				0C369AF81D4588EB00905D7F /* Assets.xcassets */,
				0C369AFA1D4588EB00905D7F /* Info.plist */,
			);
			path = xx;
			sourceTree = "<group>";
		};
		0C369B051D459B7000905D7F /* Frameworks */ = {
			isa = PBXGroup;
			children = (
				0C369B061D459B7000905D7F /* TVServices.framework */,
			);
			name = Frameworks;
			sourceTree = "<group>";
		};
		0C369B081D459B7000905D7F /* tvTimeShelf */ = {
			isa = PBXGroup;
			children = (
				0C369B091D459B7000905D7F /* ServiceProvider.swift */,
				0C369B0B1D459B7000905D7F /* Info.plist */,
			);
			path = tvTimeShelf;
			sourceTree = "<group>";
		};
/* End PBXGroup section */

/* Begin PBXNativeTarget section */
		0C369AED1D4588EB00905D7F /* tvTime */ = {
			isa = PBXNativeTarget;
			buildConfigurationList = 0C369AFD1D4588EB00905D7F /* Build configuration list for PBXNativeTarget "tvTime" */;
			buildPhases = (
				0C369AEA1D4588EB00905D7F /* Sources */,
				0C369AEB1D4588EB00905D7F /* Frameworks */,
				0C369AEC1D4588EB00905D7F /* Resources */,
				0C369B121D459B7000905D7F /* Embed App Extensions */,
			);
			buildRules = (
			);
			dependencies = (
				0C369B0D1D459B7000905D7F /* PBXTargetDependency */,
			);
			name = tvTime;
			productName = xx;
			productReference = 0C369AEE1D4588EB00905D7F /* tvTime.app */;
			productType = "com.apple.product-type.application";
		};
		0C369B031D459B7000905D7F /* tvTimeShelf */ = {
			isa = PBXNativeTarget;
			buildConfigurationList = 0C369B0F1D459B7000905D7F /* Build configuration list for PBXNativeTarget "tvTimeShelf" */;
			buildPhases = (
				0C369B001D459B7000905D7F /* Sources */,
				0C369B011D459B7000905D7F /* Frameworks */,
				0C369B021D459B7000905D7F /* Resources */,
			);
			buildRules = (
			);
			dependencies = (
			);
			name = tvTimeShelf;
			productName = tvTimeShelf;
			productReference = 0C369B041D459B7000905D7F /* tvTimeShelf.appex */;
			productType = "com.apple.product-type.tv-app-extension";
		};
/* End PBXNativeTarget section */

/* Begin PBXProject section */
		0C369AE61D4588EB00905D7F /* Project object */ = {
			isa = PBXProject;
			attributes = {
				LastSwiftUpdateCheck = 0800;
				LastUpgradeCheck = 0800;
				ORGANIZATIONNAME = Morgan;
				TargetAttributes = {
					0C369AED1D4588EB00905D7F = {
						CreatedOnToolsVersion = 8.0;
						DevelopmentTeam = X5CQLVCACP;
						DevelopmentTeamName = "Morgan Williams";
						ProvisioningStyle = Automatic;
					};
					0C369B031D459B7000905D7F = {
						CreatedOnToolsVersion = 8.0;
						DevelopmentTeam = X5CQLVCACP;
						DevelopmentTeamName = "Morgan Williams";
						ProvisioningStyle = Automatic;
					};
				};
			};
			buildConfigurationList = 0C369AE91D4588EB00905D7F /* Build configuration list for PBXProject "tvTime" */;
			compatibilityVersion = "Xcode 3.2";
			developmentRegion = English;
			hasScannedForEncodings = 0;
			knownRegions = (
				en,
				Base,
			);
			mainGroup = 0C369AE51D4588EB00905D7F;
			productRefGroup = 0C369AEF1D4588EB00905D7F /* Products */;
			projectDirPath = "";
			projectRoot = "";
			targets = (
				0C369AED1D4588EB00905D7F /* tvTime */,
				0C369B031D459B7000905D7F /* tvTimeShelf */,
			);
		};
/* End PBXProject section */

/* Begin PBXResourcesBuildPhase section */
		0C369AEC1D4588EB00905D7F /* Resources */ = {
			isa = PBXResourcesBuildPhase;
			buildActionMask = 2147483647;
			files = (
				0C369AF91D4588EB00905D7F /* Assets.xcassets in Resources */,
				0C369AF71D4588EB00905D7F /* Main.storyboard in Resources */,
			);
			runOnlyForDeploymentPostprocessing = 0;
		};
		0C369B021D459B7000905D7F /* Resources */ = {
			isa = PBXResourcesBuildPhase;
			buildActionMask = 2147483647;
			files = (
			);
			runOnlyForDeploymentPostprocessing = 0;
		};
/* End PBXResourcesBuildPhase section */

/* Begin PBXSourcesBuildPhase section */
		0C369AEA1D4588EB00905D7F /* Sources */ = {
			isa = PBXSourcesBuildPhase;
			buildActionMask = 2147483647;
			files = (
				0C369AF41D4588EB00905D7F /* ViewController.swift in Sources */,
				0C369AF21D4588EB00905D7F /* AppDelegate.swift in Sources */,
			);
			runOnlyForDeploymentPostprocessing = 0;
		};
		0C369B001D459B7000905D7F /* Sources */ = {
			isa = PBXSourcesBuildPhase;
			buildActionMask = 2147483647;
			files = (
				0C369B0A1D459B7000905D7F /* ServiceProvider.swift in Sources */,
			);
			runOnlyForDeploymentPostprocessing = 0;
		};
/* End PBXSourcesBuildPhase section */

/* Begin PBXTargetDependency section */
		0C369B0D1D459B7000905D7F /* PBXTargetDependency */ = {
			isa = PBXTargetDependency;
			target = 0C369B031D459B7000905D7F /* tvTimeShelf */;
			targetProxy = 0C369B0C1D459B7000905D7F /* PBXContainerItemProxy */;
		};
/* End PBXTargetDependency section */

/* Begin PBXVariantGroup section */
		0C369AF51D4588EB00905D7F /* Main.storyboard */ = {
			isa = PBXVariantGroup;
			children = (
				0C369AF61D4588EB00905D7F /* Base */,
			);
			name = Main.storyboard;
			sourceTree = "<group>";
		};
/* End PBXVariantGroup section */

/* Begin XCBuildConfiguration section */
		0C369AFB1D4588EB00905D7F /* Debug */ = {
			isa = XCBuildConfiguration;
			buildSettings = {
				ALWAYS_SEARCH_USER_PATHS = NO;
				CLANG_ANALYZER_NONNULL = YES;
				CLANG_CXX_LANGUAGE_STANDARD = "gnu++0x";
				CLANG_CXX_LIBRARY = "libc++";
				CLANG_ENABLE_MODULES = YES;
				CLANG_ENABLE_OBJC_ARC = YES;
				CLANG_WARN_BOOL_CONVERSION = YES;
				CLANG_WARN_CONSTANT_CONVERSION = YES;
				CLANG_WARN_DIRECT_OBJC_ISA_USAGE = YES_ERROR;
				CLANG_WARN_DOCUMENTATION_COMMENTS = YES;
				CLANG_WARN_EMPTY_BODY = YES;
				CLANG_WARN_ENUM_CONVERSION = YES;
				CLANG_WARN_INT_CONVERSION = YES;
				CLANG_WARN_OBJC_ROOT_CLASS = YES_ERROR;
				CLANG_WARN_UNREACHABLE_CODE = YES;
				CLANG_WARN__DUPLICATE_METHOD_MATCH = YES;
				COPY_PHASE_STRIP = NO;
				DEBUG_INFORMATION_FORMAT = dwarf;
				ENABLE_STRICT_OBJC_MSGSEND = YES;
				ENABLE_TESTABILITY = YES;
				GCC_C_LANGUAGE_STANDARD = gnu99;
				GCC_DYNAMIC_NO_PIC = NO;
				GCC_NO_COMMON_BLOCKS = YES;
				GCC_OPTIMIZATION_LEVEL = 0;
				GCC_PREPROCESSOR_DEFINITIONS = (
					"DEBUG=1",
					"$(inherited)",
				);
				GCC_WARN_64_TO_32_BIT_CONVERSION = YES;
				GCC_WARN_ABOUT_RETURN_TYPE = YES_ERROR;
				GCC_WARN_UNDECLARED_SELECTOR = YES;
				GCC_WARN_UNINITIALIZED_AUTOS = YES_AGGRESSIVE;
				GCC_WARN_UNUSED_FUNCTION = YES;
				GCC_WARN_UNUSED_VARIABLE = YES;
				MTL_ENABLE_DEBUG_INFO = YES;
				ONLY_ACTIVE_ARCH = YES;
				SDKROOT = appletvos;
				SWIFT_ACTIVE_COMPILATION_CONDITIONS = DEBUG;
				SWIFT_OPTIMIZATION_LEVEL = "-Onone";
				TARGETED_DEVICE_FAMILY = 3;
				TVOS_DEPLOYMENT_TARGET = 10.0;
			};
			name = Debug;
		};
		0C369AFC1D4588EB00905D7F /* Release */ = {
			isa = XCBuildConfiguration;
			buildSettings = {
				ALWAYS_SEARCH_USER_PATHS = NO;
				CLANG_ANALYZER_NONNULL = YES;
				CLANG_CXX_LANGUAGE_STANDARD = "gnu++0x";
				CLANG_CXX_LIBRARY = "libc++";
				CLANG_ENABLE_MODULES = YES;
				CLANG_ENABLE_OBJC_ARC = YES;
				CLANG_WARN_BOOL_CONVERSION = YES;
				CLANG_WARN_CONSTANT_CONVERSION = YES;
				CLANG_WARN_DIRECT_OBJC_ISA_USAGE = YES_ERROR;
				CLANG_WARN_DOCUMENTATION_COMMENTS = YES;
				CLANG_WARN_EMPTY_BODY = YES;
				CLANG_WARN_ENUM_CONVERSION = YES;
				CLANG_WARN_INT_CONVERSION = YES;
				CLANG_WARN_OBJC_ROOT_CLASS = YES_ERROR;
				CLANG_WARN_UNREACHABLE_CODE = YES;
				CLANG_WARN__DUPLICATE_METHOD_MATCH = YES;
				COPY_PHASE_STRIP = NO;
				DEBUG_INFORMATION_FORMAT = "dwarf-with-dsym";
				ENABLE_NS_ASSERTIONS = NO;
				ENABLE_STRICT_OBJC_MSGSEND = YES;
				GCC_C_LANGUAGE_STANDARD = gnu99;
				GCC_NO_COMMON_BLOCKS = YES;
				GCC_WARN_64_TO_32_BIT_CONVERSION = YES;
				GCC_WARN_ABOUT_RETURN_TYPE = YES_ERROR;
				GCC_WARN_UNDECLARED_SELECTOR = YES;
				GCC_WARN_UNINITIALIZED_AUTOS = YES_AGGRESSIVE;
				GCC_WARN_UNUSED_FUNCTION = YES;
				GCC_WARN_UNUSED_VARIABLE = YES;
				MTL_ENABLE_DEBUG_INFO = NO;
				SDKROOT = appletvos;
				SWIFT_OPTIMIZATION_LEVEL = "-Owholemodule";
				TARGETED_DEVICE_FAMILY = 3;
				TVOS_DEPLOYMENT_TARGET = 10.0;
				VALIDATE_PRODUCT = YES;
			};
			name = Release;
		};
		0C369AFE1D4588EB00905D7F /* Debug */ = {
			isa = XCBuildConfiguration;
			buildSettings = {
				ALWAYS_EMBED_SWIFT_STANDARD_LIBRARIES = YES;
				ASSETCATALOG_COMPILER_APPICON_NAME = "App Icon & Top Shelf Image";
				ASSETCATALOG_COMPILER_LAUNCHIMAGE_NAME = LaunchImage;
				INFOPLIST_FILE = xx/Info.plist;
				LD_RUNPATH_SEARCH_PATHS = "$(inherited) @executable_path/Frameworks";
				PRODUCT_BUNDLE_IDENTIFIER = com.mrgnw.tvTime;
				PRODUCT_NAME = "$(TARGET_NAME)";
				SWIFT_VERSION = 3.0;
			};
			name = Debug;
		};
		0C369AFF1D4588EB00905D7F /* Release */ = {
			isa = XCBuildConfiguration;
			buildSettings = {
				ALWAYS_EMBED_SWIFT_STANDARD_LIBRARIES = YES;
				ASSETCATALOG_COMPILER_APPICON_NAME = "App Icon & Top Shelf Image";
				ASSETCATALOG_COMPILER_LAUNCHIMAGE_NAME = LaunchImage;
				INFOPLIST_FILE = xx/Info.plist;
				LD_RUNPATH_SEARCH_PATHS = "$(inherited) @executable_path/Frameworks";
				PRODUCT_BUNDLE_IDENTIFIER = com.mrgnw.tvTime;
				PRODUCT_NAME = "$(TARGET_NAME)";
				SWIFT_VERSION = 3.0;
			};
			name = Release;
		};
		0C369B101D459B7000905D7F /* Debug */ = {
			isa = XCBuildConfiguration;
			buildSettings = {
				INFOPLIST_FILE = tvTimeShelf/Info.plist;
				LD_RUNPATH_SEARCH_PATHS = "$(inherited) @executable_path/Frameworks @executable_path/../../Frameworks";
				PRODUCT_BUNDLE_IDENTIFIER = com.mrgnw.xx.tvTimeShelf;
				PRODUCT_NAME = "$(TARGET_NAME)";
				SKIP_INSTALL = YES;
				SWIFT_VERSION = 3.0;
			};
			name = Debug;
		};
		0C369B111D459B7000905D7F /* Release */ = {
			isa = XCBuildConfiguration;
			buildSettings = {
				INFOPLIST_FILE = tvTimeShelf/Info.plist;
				LD_RUNPATH_SEARCH_PATHS = "$(inherited) @executable_path/Frameworks @executable_path/../../Frameworks";
				PRODUCT_BUNDLE_IDENTIFIER = com.mrgnw.xx.tvTimeShelf;
				PRODUCT_NAME = "$(TARGET_NAME)";
				SKIP_INSTALL = YES;
				SWIFT_VERSION = 3.0;
			};
			name = Release;
		};
/* End XCBuildConfiguration section */

/* Begin XCConfigurationList section */
		0C369AE91D4588EB00905D7F /* Build configuration list for PBXProject "tvTime" */ = {
			isa = XCConfigurationList;
			buildConfigurations = (
				0C369AFB1D4588EB00905D7F /* Debug */,
				0C369AFC1D4588EB00905D7F /* Release */,
			);
			defaultConfigurationIsVisible = 0;
			defaultConfigurationName = Release;
		};
		0C369AFD1D4588EB00905D7F /* Build configuration list for PBXNativeTarget "tvTime" */ = {
			isa = XCConfigurationList;
			buildConfigurations = (
				0C369AFE1D4588EB00905D7F /* Debug */,
				0C369AFF1D4588EB00905D7F /* Release */,
			);
			defaultConfigurationIsVisible = 0;
			defaultConfigurationName = Release;
		};
		0C369B0F1D459B7000905D7F /* Build configuration list for PBXNativeTarget "tvTimeShelf" */ = {
			isa = XCConfigurationList;
			buildConfigurations = (
				0C369B101D459B7000905D7F /* Debug */,
				0C369B111D459B7000905D7F /* Release */,
			);
			defaultConfigurationIsVisible = 0;
			defaultConfigurationName = Release;
		};
/* End XCConfigurationList section */
	};
	rootObject = 0C369AE61D4588EB00905D7F /* Project object */;
}
